// !$*UTF8*$!
{
	archiveVersion = 1;
	classes = {
	};
	objectVersion = 46;
	objects = {

/* Begin PBXBuildFile section */
		53F96A131C76D1B500663573 /* AppDelegate.swift in Sources */ = {isa = PBXBuildFile; fileRef = 53F96A121C76D1B500663573 /* AppDelegate.swift */; };
		53F96A151C76D1B500663573 /* ViewController.swift in Sources */ = {isa = PBXBuildFile; fileRef = 53F96A141C76D1B500663573 /* ViewController.swift */; };
		53F96A181C76D1B500663573 /* Main.storyboard in Resources */ = {isa = PBXBuildFile; fileRef = 53F96A161C76D1B500663573 /* Main.storyboard */; };
		53F96A1A1C76D1B500663573 /* Assets.xcassets in Resources */ = {isa = PBXBuildFile; fileRef = 53F96A191C76D1B500663573 /* Assets.xcassets */; };
		53F96A1D1C76D1B500663573 /* LaunchScreen.storyboard in Resources */ = {isa = PBXBuildFile; fileRef = 53F96A1B1C76D1B500663573 /* LaunchScreen.storyboard */; };
/* End PBXBuildFile section */

/* Begin PBXFileReference section */
		53F96A0F1C76D1B500663573 /* twitter_ios.app */ = {isa = PBXFileReference; explicitFileType = wrapper.application; includeInIndex = 0; path = twitter_ios.app; sourceTree = BUILT_PRODUCTS_DIR; };
		53F96A121C76D1B500663573 /* AppDelegate.swift */ = {isa = PBXFileReference; lastKnownFileType = sourcecode.swift; path = AppDelegate.swift; sourceTree = "<group>"; };
		53F96A141C76D1B500663573 /* ViewController.swift */ = {isa = PBXFileReference; lastKnownFileType = sourcecode.swift; path = ViewController.swift; sourceTree = "<group>"; };
		53F96A171C76D1B500663573 /* Base */ = {isa = PBXFileReference; lastKnownFileType = file.storyboard; name = Base; path = Base.lproj/Main.storyboard; sourceTree = "<group>"; };
		53F96A191C76D1B500663573 /* Assets.xcassets */ = {isa = PBXFileReference; lastKnownFileType = folder.assetcatalog; path = Assets.xcassets; sourceTree = "<group>"; };
		53F96A1C1C76D1B500663573 /* Base */ = {isa = PBXFileReference; lastKnownFileType = file.storyboard; name = Base; path = Base.lproj/LaunchScreen.storyboard; sourceTree = "<group>"; };
		53F96A1E1C76D1B500663573 /* Info.plist */ = {isa = PBXFileReference; lastKnownFileType = text.plist.xml; path = Info.plist; sourceTree = "<group>"; };
/* End PBXFileReference section */

/* Begin PBXFrameworksBuildPhase section */
		53F96A0C1C76D1B500663573 /* Frameworks */ = {
			isa = PBXFrameworksBuildPhase;
			buildActionMask = 2147483647;
			files = (
			);
			runOnlyForDeploymentPostprocessing = 0;
		};
/* End PBXFrameworksBuildPhase section */

/* Begin PBXGroup section */
		53F96A061C76D1B500663573 = {
			isa = PBXGroup;
			children = (
				53F96A111C76D1B500663573 /* twitter_ios */,
				53F96A101C76D1B500663573 /* Products */,
			);
			sourceTree = "<group>";
		};
		53F96A101C76D1B500663573 /* Products */ = {
			isa = PBXGroup;
			children = (
				53F96A0F1C76D1B500663573 /* twitter_ios.app */,
			);
			name = Products;
			sourceTree = "<group>";
		};
		53F96A111C76D1B500663573 /* twitter_ios */ = {
			isa = PBXGroup;
			children = (
				53F96A121C76D1B500663573 /* AppDelegate.swift */,
				53F96A141C76D1B500663573 /* ViewController.swift */,
				53F96A161C76D1B500663573 /* Main.storyboard */,
				53F96A191C76D1B500663573 /* Assets.xcassets */,
				53F96A1B1C76D1B500663573 /* LaunchScreen.storyboard */,
				53F96A1E1C76D1B500663573 /* Info.plist */,
			);
			path = twitter_ios;
			sourceTree = "<group>";
		};
/* End PBXGroup section */

/* Begin PBXNativeTarget section */
		53F96A0E1C76D1B500663573 /* twitter_ios */ = {
			isa = PBXNativeTarget;
			buildConfigurationList = 53F96A211C76D1B500663573 /* Build configuration list for PBXNativeTarget "twitter_ios" */;
			buildPhases = (
				53F96A0B1C76D1B500663573 /* Sources */,
				53F96A0C1C76D1B500663573 /* Frameworks */,
				53F96A0D1C76D1B500663573 /* Resources */,
			);
			buildRules = (
			);
			dependencies = (
			);
			name = twitter_ios;
			productName = twitter_ios;
			productReference = 53F96A0F1C76D1B500663573 /* twitter_ios.app */;
			productType = "com.apple.product-type.application";
		};
/* End PBXNativeTarget section */

/* Begin PBXProject section */
		53F96A071C76D1B500663573 /* Project object */ = {
			isa = PBXProject;
			attributes = {
				LastSwiftUpdateCheck = 0720;
				LastUpgradeCheck = 0720;
				ORGANIZATIONNAME = "Priscilla Lok";
				TargetAttributes = {
					53F96A0E1C76D1B500663573 = {
						CreatedOnToolsVersion = 7.2.1;
					};
				};
			};
			buildConfigurationList = 53F96A0A1C76D1B500663573 /* Build configuration list for PBXProject "twitter_ios" */;
			compatibilityVersion = "Xcode 3.2";
			developmentRegion = English;
			hasScannedForEncodings = 0;
			knownRegions = (
				en,
				Base,
			);
			mainGroup = 53F96A061C76D1B500663573;
			productRefGroup = 53F96A101C76D1B500663573 /* Products */;
			projectDirPath = "";
			projectRoot = "";
			targets = (
				53F96A0E1C76D1B500663573 /* twitter_ios */,
			);
		};
/* End PBXProject section */

/* Begin PBXResourcesBuildPhase section */
		53F96A0D1C76D1B500663573 /* Resources */ = {
			isa = PBXResourcesBuildPhase;
			buildActionMask = 2147483647;
			files = (
				53F96A1D1C76D1B500663573 /* LaunchScreen.storyboard in Resources */,
				53F96A1A1C76D1B500663573 /* Assets.xcassets in Resources */,
				53F96A181C76D1B500663573 /* Main.storyboard in Resources */,
			);
			runOnlyForDeploymentPostprocessing = 0;
		};
/* End PBXResourcesBuildPhase section */

/* Begin PBXSourcesBuildPhase section */
		53F96A0B1C76D1B500663573 /* Sources */ = {
			isa = PBXSourcesBuildPhase;
			buildActionMask = 2147483647;
			files = (
				53F96A151C76D1B500663573 /* ViewController.swift in Sources */,
				53F96A131C76D1B500663573 /* AppDelegate.swift in Sources */,
			);
			runOnlyForDeploymentPostprocessing = 0;
		};
/* End PBXSourcesBuildPhase section */

/* Begin PBXVariantGroup section */
		53F96A161C76D1B500663573 /* Main.storyboard */ = {
			isa = PBXVariantGroup;
			children = (
				53F96A171C76D1B500663573 /* Base */,
			);
			name = Main.storyboard;
			sourceTree = "<group>";
		};
		53F96A1B1C76D1B500663573 /* LaunchScreen.storyboard */ = {
			isa = PBXVariantGroup;
			children = (
				53F96A1C1C76D1B500663573 /* Base */,
			);
			name = LaunchScreen.storyboard;
			sourceTree = "<group>";
		};
/* End PBXVariantGroup section */

/* Begin XCBuildConfiguration section */
		53F96A1F1C76D1B500663573 /* Debug */ = {
			isa = XCBuildConfiguration;
			buildSettings = {
				ALWAYS_SEARCH_USER_PATHS = NO;
				CLANG_CXX_LANGUAGE_STANDARD = "gnu++0x";
				CLANG_CXX_LIBRARY = "libc++";
				CLANG_ENABLE_MODULES = YES;
				CLANG_ENABLE_OBJC_ARC = YES;
				CLANG_WARN_BOOL_CONVERSION = YES;
				CLANG_WARN_CONSTANT_CONVERSION = YES;
				CLANG_WARN_DIRECT_OBJC_ISA_USAGE = YES_ERROR;
				CLANG_WARN_EMPTY_BODY = YES;
				CLANG_WARN_ENUM_CONVERSION = YES;
				CLANG_WARN_INT_CONVERSION = YES;
				CLANG_WARN_OBJC_ROOT_CLASS = YES_ERROR;
				CLANG_WARN_UNREACHABLE_CODE = YES;
				CLANG_WARN__DUPLICATE_METHOD_MATCH = YES;
				"CODE_SIGN_IDENTITY[sdk=iphoneos*]" = "iPhone Developer";
				COPY_PHASE_STRIP = NO;
				DEBUG_INFORMATION_FORMAT = dwarf;
				ENABLE_STRICT_OBJC_MSGSEND = YES;
				ENABLE_TESTABILITY = YES;
				GCC_C_LANGUAGE_STANDARD = gnu99;
				GCC_DYNAMIC_NO_PIC = NO;
				GCC_NO_COMMON_BLOCKS = YES;
				GCC_OPTIMIZATION_LEVEL = 0;
				GCC_PREPROCESSOR_DEFINITIONS = (
					"DEBUG=1",
					"$(inherited)",
				);
				GCC_WARN_64_TO_32_BIT_CONVERSION = YES;
				GCC_WARN_ABOUT_RETURN_TYPE = YES_ERROR;
				GCC_WARN_UNDECLARED_SELECTOR = YES;
				GCC_WARN_UNINITIALIZED_AUTOS = YES_AGGRESSIVE;
				GCC_WARN_UNUSED_FUNCTION = YES;
				GCC_WARN_UNUSED_VARIABLE = YES;
				IPHONEOS_DEPLOYMENT_TARGET = 9.2;
				MTL_ENABLE_DEBUG_INFO = YES;
				ONLY_ACTIVE_ARCH = YES;
				SDKROOT = iphoneos;
				SWIFT_OPTIMIZATION_LEVEL = "-Onone";
			};
			name = Debug;
		};
		53F96A201C76D1B500663573 /* Release */ = {
			isa = XCBuildConfiguration;
			buildSettings = {
				ALWAYS_SEARCH_USER_PATHS = NO;
				CLANG_CXX_LANGUAGE_STANDARD = "gnu++0x";
				CLANG_CXX_LIBRARY = "libc++";
				CLANG_ENABLE_MODULES = YES;
				CLANG_ENABLE_OBJC_ARC = YES;
				CLANG_WARN_BOOL_CONVERSION = YES;
				CLANG_WARN_CONSTANT_CONVERSION = YES;
				CLANG_WARN_DIRECT_OBJC_ISA_USAGE = YES_ERROR;
				CLANG_WARN_EMPTY_BODY = YES;
				CLANG_WARN_ENUM_CONVERSION = YES;
				CLANG_WARN_INT_CONVERSION = YES;
				CLANG_WARN_OBJC_ROOT_CLASS = YES_ERROR;
				CLANG_WARN_UNREACHABLE_CODE = YES;
				CLANG_WARN__DUPLICATE_METHOD_MATCH = YES;
				"CODE_SIGN_IDENTITY[sdk=iphoneos*]" = "iPhone Developer";
				COPY_PHASE_STRIP = NO;
				DEBUG_INFORMATION_FORMAT = "dwarf-with-dsym";
				ENABLE_NS_ASSERTIONS = NO;
				ENABLE_STRICT_OBJC_MSGSEND = YES;
				GCC_C_LANGUAGE_STANDARD = gnu99;
				GCC_NO_COMMON_BLOCKS = YES;
				GCC_WARN_64_TO_32_BIT_CONVERSION = YES;
				GCC_WARN_ABOUT_RETURN_TYPE = YES_ERROR;
				GCC_WARN_UNDECLARED_SELECTOR = YES;
				GCC_WARN_UNINITIALIZED_AUTOS = YES_AGGRESSIVE;
				GCC_WARN_UNUSED_FUNCTION = YES;
				GCC_WARN_UNUSED_VARIABLE = YES;
				IPHONEOS_DEPLOYMENT_TARGET = 9.2;
				MTL_ENABLE_DEBUG_INFO = NO;
				SDKROOT = iphoneos;
				VALIDATE_PRODUCT = YES;
			};
			name = Release;
		};
		53F96A221C76D1B500663573 /* Debug */ = {
			isa = XCBuildConfiguration;
			buildSettings = {
				ASSETCATALOG_COMPILER_APPICON_NAME = AppIcon;
				INFOPLIST_FILE = twitter_ios/Info.plist;
				LD_RUNPATH_SEARCH_PATHS = "$(inherited) @executable_path/Frameworks";
				PRODUCT_BUNDLE_IDENTIFIER = "com.codepath.twitter-ios";
				PRODUCT_NAME = "$(TARGET_NAME)";
			};
			name = Debug;
		};
		53F96A231C76D1B500663573 /* Release */ = {
			isa = XCBuildConfiguration;
			buildSettings = {
				ASSETCATALOG_COMPILER_APPICON_NAME = AppIcon;
				INFOPLIST_FILE = twitter_ios/Info.plist;
				LD_RUNPATH_SEARCH_PATHS = "$(inherited) @executable_path/Frameworks";
				PRODUCT_BUNDLE_IDENTIFIER = "com.codepath.twitter-ios";
				PRODUCT_NAME = "$(TARGET_NAME)";
			};
			name = Release;
		};
/* End XCBuildConfiguration section */

/* Begin XCConfigurationList section */
		53F96A0A1C76D1B500663573 /* Build configuration list for PBXProject "twitter_ios" */ = {
			isa = XCConfigurationList;
			buildConfigurations = (
				53F96A1F1C76D1B500663573 /* Debug */,
				53F96A201C76D1B500663573 /* Release */,
			);
			defaultConfigurationIsVisible = 0;
			defaultConfigurationName = Release;
		};
		53F96A211C76D1B500663573 /* Build configuration list for PBXNativeTarget "twitter_ios" */ = {
			isa = XCConfigurationList;
			buildConfigurations = (
				53F96A221C76D1B500663573 /* Debug */,
				53F96A231C76D1B500663573 /* Release */,
			);
			defaultConfigurationIsVisible = 0;
		};
/* End XCConfigurationList section */
	};
	rootObject = 53F96A071C76D1B500663573 /* Project object */;
}
